# This file is automatically @generated by Cargo.
# It is not intended for manual editing.
version = 3

[[package]]
name = "hangman"
version = "0.1.0"
dependencies = [
 "ninput",
]

[[package]]
name = "ninput"
version = "0.1.3"
source = "registry+https://github.com/rust-lang/crates.io-index"
checksum = "d455bc36904c06d1c84c9f3eda4e5f2b41fdd9d0de387684395315984da547f8"
